// !$*UTF8*$!
{
	archiveVersion = 1;
	classes = {
	};
	objectVersion = 56;
	objects = {

/* Begin PBXBuildFile section */
		321497192CB1688B008BF5C3 /* BeesLearnApp.swift in Sources */ = {isa = PBXBuildFile; fileRef = 321497182CB1688B008BF5C3 /* BeesLearnApp.swift */; };
		3214971B2CB1688B008BF5C3 /* ContentView.swift in Sources */ = {isa = PBXBuildFile; fileRef = 3214971A2CB1688B008BF5C3 /* ContentView.swift */; };
		3214971D2CB1688D008BF5C3 /* Assets.xcassets in Resources */ = {isa = PBXBuildFile; fileRef = 3214971C2CB1688D008BF5C3 /* Assets.xcassets */; };
		321497202CB1688D008BF5C3 /* Preview Assets.xcassets in Resources */ = {isa = PBXBuildFile; fileRef = 3214971F2CB1688D008BF5C3 /* Preview Assets.xcassets */; };
		3214972A2CB1688D008BF5C3 /* BeesLearnTests.swift in Sources */ = {isa = PBXBuildFile; fileRef = 321497292CB1688D008BF5C3 /* BeesLearnTests.swift */; };
		321497342CB1688D008BF5C3 /* BeesLearnUITests.swift in Sources */ = {isa = PBXBuildFile; fileRef = 321497332CB1688D008BF5C3 /* BeesLearnUITests.swift */; };
		321497362CB1688D008BF5C3 /* BeesLearnUITestsLaunchTests.swift in Sources */ = {isa = PBXBuildFile; fileRef = 321497352CB1688D008BF5C3 /* BeesLearnUITestsLaunchTests.swift */; };
		3214974C2CB17906008BF5C3 /* WelcomeView.swift in Sources */ = {isa = PBXBuildFile; fileRef = 3214974B2CB17906008BF5C3 /* WelcomeView.swift */; };
		321497622CB3ED19008BF5C3 /* CustomButtonLogin.swift in Sources */ = {isa = PBXBuildFile; fileRef = 321497612CB3ED19008BF5C3 /* CustomButtonLogin.swift */; };
		321497642CB3F57C008BF5C3 /* Nunito-Bold.ttf in Resources */ = {isa = PBXBuildFile; fileRef = 321497632CB3F57C008BF5C3 /* Nunito-Bold.ttf */; };
		321497662CB44F64008BF5C3 /* LoginView.swift in Sources */ = {isa = PBXBuildFile; fileRef = 321497652CB44F64008BF5C3 /* LoginView.swift */; };
		321497682CB458DE008BF5C3 /* CustomTextField.swift in Sources */ = {isa = PBXBuildFile; fileRef = 321497672CB458DE008BF5C3 /* CustomTextField.swift */; };
		3214976A2CB45E07008BF5C3 /* CustomButton.swift in Sources */ = {isa = PBXBuildFile; fileRef = 321497692CB45E07008BF5C3 /* CustomButton.swift */; };
		3214976C2CB68F5F008BF5C3 /* SignUpView.swift in Sources */ = {isa = PBXBuildFile; fileRef = 3214976B2CB68F5F008BF5C3 /* SignUpView.swift */; };
		3216DAB12CBE5455000F0475 /* HomeView.swift in Sources */ = {isa = PBXBuildFile; fileRef = 3216DAB02CBE5455000F0475 /* HomeView.swift */; };
		3216DAB32CBE5466000F0475 /* IPAView.swift in Sources */ = {isa = PBXBuildFile; fileRef = 3216DAB22CBE5466000F0475 /* IPAView.swift */; };
		3216DAB52CBE54AC000F0475 /* StatsView.swift in Sources */ = {isa = PBXBuildFile; fileRef = 3216DAB42CBE54AC000F0475 /* StatsView.swift */; };
		3216DAB72CBE54C5000F0475 /* SettingView.swift in Sources */ = {isa = PBXBuildFile; fileRef = 3216DAB62CBE54C5000F0475 /* SettingView.swift */; };
		3255C4FC2CC3C5AD000DDCBE /* LoginViewModel.swift in Sources */ = {isa = PBXBuildFile; fileRef = 3255C4FB2CC3C5AD000DDCBE /* LoginViewModel.swift */; };
		3255C5002CD248AA000DDCBE /* CustomTopBar.swift in Sources */ = {isa = PBXBuildFile; fileRef = 3255C4FF2CD248AA000DDCBE /* CustomTopBar.swift */; };
		3255C5082CD2EB6F000DDCBE /* Calendar.swift in Sources */ = {isa = PBXBuildFile; fileRef = 3255C5072CD2EB6F000DDCBE /* Calendar.swift */; };
		326F10892CD996E000E3EF08 /* Translation.swift in Sources */ = {isa = PBXBuildFile; fileRef = 326F10882CD996E000E3EF08 /* Translation.swift */; };
		DC125CE22EA6D36400E85624 /* ProgressNavigationBar.swift in Sources */ = {isa = PBXBuildFile; fileRef = DC125CE12EA6D36400E85624 /* ProgressNavigationBar.swift */; };
		DC125CE42EA6D68400E85624 /* QuestionHostViewModel.swift in Sources */ = {isa = PBXBuildFile; fileRef = DC125CE32EA6D68400E85624 /* QuestionHostViewModel.swift */; };
		DC19A2C82EC5BB6400B1648B /* ResultPopUp.swift in Sources */ = {isa = PBXBuildFile; fileRef = DC19A2C72EC5BB6400B1648B /* ResultPopUp.swift */; };
		DC34A0DB2E9EE8FC00F3C608 /* CheckAnswerButton.swift in Sources */ = {isa = PBXBuildFile; fileRef = DC34A0DA2E9EE8B400F3C608 /* CheckAnswerButton.swift */; };
		DC34A0DD2E9FBE2700F3C608 /* QuestionViewModel.swift in Sources */ = {isa = PBXBuildFile; fileRef = DC34A0DC2E9FBE2500F3C608 /* QuestionViewModel.swift */; };
		DC4722DE2E84A363005E6FE5 /* Nunito-SemiBold.ttf in Resources */ = {isa = PBXBuildFile; fileRef = DC4722DD2E84A363005E6FE5 /* Nunito-SemiBold.ttf */; };
		DC6B582D2ECFA34300B40045 /* APIService.swift in Sources */ = {isa = PBXBuildFile; fileRef = DC6B582C2ECFA34300B40045 /* APIService.swift */; };
		DC6B582F2ED117D900B40045 /* Word.swift in Sources */ = {isa = PBXBuildFile; fileRef = DC6B582E2ED117D900B40045 /* Word.swift */; };
		DC6B58312ED1186D00B40045 /* QuestionsResponse.swift in Sources */ = {isa = PBXBuildFile; fileRef = DC6B58302ED1186D00B40045 /* QuestionsResponse.swift */; };
		DC6B58332ED2EC0900B40045 /* Sentence.swift in Sources */ = {isa = PBXBuildFile; fileRef = DC6B58322ED2EC0900B40045 /* Sentence.swift */; };
		DC9EB3402EA97064001E877B /* Question.swift in Sources */ = {isa = PBXBuildFile; fileRef = DC9EB33F2EA97064001E877B /* Question.swift */; };
		DC9EB3422EA970C9001E877B /* TrueFalseQuestion.swift in Sources */ = {isa = PBXBuildFile; fileRef = DC9EB3412EA970C9001E877B /* TrueFalseQuestion.swift */; };
		DC9EB3462EAC1024001E877B /* MultipleChoiceQuestion.swift in Sources */ = {isa = PBXBuildFile; fileRef = DC9EB3452EAC1024001E877B /* MultipleChoiceQuestion.swift */; };
		DCA79A422E8B016600A3AD55 /* LevelListView.swift in Sources */ = {isa = PBXBuildFile; fileRef = DCA79A412E8B016600A3AD55 /* LevelListView.swift */; };
		DCA79A442E8DF93800A3AD55 /* LevelListItem.swift in Sources */ = {isa = PBXBuildFile; fileRef = DCA79A432E8DF93800A3AD55 /* LevelListItem.swift */; };
		DCA79A462E8E338200A3AD55 /* QuestionHostView.swift in Sources */ = {isa = PBXBuildFile; fileRef = DCA79A452E8E338200A3AD55 /* QuestionHostView.swift */; };
		DCA79A482E8ECF1B00A3AD55 /* CustomNavigationBar.swift in Sources */ = {isa = PBXBuildFile; fileRef = DCA79A472E8ECF1B00A3AD55 /* CustomNavigationBar.swift */; };
		DCA79A4B2E8F069000A3AD55 /* MultipleChoices.swift in Sources */ = {isa = PBXBuildFile; fileRef = DCA79A4A2E8F069000A3AD55 /* MultipleChoices.swift */; };
		DCC154612EBF646C00D58899 /* əʊ.mp3 in Resources */ = {isa = PBXBuildFile; fileRef = DCC154552EBF646C00D58899 /* əʊ.mp3 */; };
		DCC154622EBF646C00D58899 /* e.mp3 in Resources */ = {isa = PBXBuildFile; fileRef = DCC154512EBF646C00D58899 /* e.mp3 */; };
		DCC154632EBF646C00D58899 /* ɪə.mp3 in Resources */ = {isa = PBXBuildFile; fileRef = DCC154592EBF646C00D58899 /* ɪə.mp3 */; };
		DCC154642EBF646C00D58899 /* ɔ.mp3 in Resources */ = {isa = PBXBuildFile; fileRef = DCC1545A2EBF646C00D58899 /* ɔ.mp3 */; };
		DCC154652EBF646C00D58899 /* ʊ.mp3 in Resources */ = {isa = PBXBuildFile; fileRef = DCC1545D2EBF646C00D58899 /* ʊ.mp3 */; };
		DCC154662EBF646C00D58899 /* ɪ.mp3 in Resources */ = {isa = PBXBuildFile; fileRef = DCC154582EBF646C00D58899 /* ɪ.mp3 */; };
		DCC154672EBF646C00D58899 /* æ.mp3 in Resources */ = {isa = PBXBuildFile; fileRef = DCC1544C2EBF646C00D58899 /* æ.mp3 */; };
		DCC154682EBF646C00D58899 /* aɪ.mp3 in Resources */ = {isa = PBXBuildFile; fileRef = DCC1544D2EBF646C00D58899 /* aɪ.mp3 */; };
		DCC154692EBF646C00D58899 /* ə.mp3 in Resources */ = {isa = PBXBuildFile; fileRef = DCC154542EBF646C00D58899 /* ə.mp3 */; };
		DCC1546A2EBF646C00D58899 /* ɒ.mp3 in Resources */ = {isa = PBXBuildFile; fileRef = DCC154502EBF646C00D58899 /* ɒ.mp3 */; };
		DCC1546B2EBF646C00D58899 /* ɜ.mp3 in Resources */ = {isa = PBXBuildFile; fileRef = DCC154562EBF646C00D58899 /* ɜ.mp3 */; };
		DCC1546C2EBF646C00D58899 /* eə.mp3 in Resources */ = {isa = PBXBuildFile; fileRef = DCC154522EBF646C00D58899 /* eə.mp3 */; };
		DCC1546D2EBF646C00D58899 /* ɔɪ.mp3 in Resources */ = {isa = PBXBuildFile; fileRef = DCC1545B2EBF646C00D58899 /* ɔɪ.mp3 */; };
		DCC1546E2EBF646C00D58899 /* eɪ.mp3 in Resources */ = {isa = PBXBuildFile; fileRef = DCC154532EBF646C00D58899 /* eɪ.mp3 */; };
		DCC1546F2EBF646C00D58899 /* ʊə.mp3 in Resources */ = {isa = PBXBuildFile; fileRef = DCC1545E2EBF646C00D58899 /* ʊə.mp3 */; };
		DCC154702EBF646C00D58899 /* ɑ.mp3 in Resources */ = {isa = PBXBuildFile; fileRef = DCC1544F2EBF646C00D58899 /* ɑ.mp3 */; };
		DCC154712EBF646C00D58899 /* aʊ.mp3 in Resources */ = {isa = PBXBuildFile; fileRef = DCC1544E2EBF646C00D58899 /* aʊ.mp3 */; };
		DCC154722EBF646C00D58899 /* ʌ.mp3 in Resources */ = {isa = PBXBuildFile; fileRef = DCC1545F2EBF646C00D58899 /* ʌ.mp3 */; };
		DCC154732EBF646C00D58899 /* i.mp3 in Resources */ = {isa = PBXBuildFile; fileRef = DCC154572EBF646C00D58899 /* i.mp3 */; };
		DCC154742EBF646C00D58899 /* u.mp3 in Resources */ = {isa = PBXBuildFile; fileRef = DCC1545C2EBF646C00D58899 /* u.mp3 */; };
		DCC1548E2EBF6DAB00D58899 /* j.mp3 in Resources */ = {isa = PBXBuildFile; fileRef = DCC1547D2EBF6DAB00D58899 /* j.mp3 */; };
		DCC1548F2EBF6DAB00D58899 /* s.mp3 in Resources */ = {isa = PBXBuildFile; fileRef = DCC154852EBF6DAB00D58899 /* s.mp3 */; };
		DCC154902EBF6DAB00D58899 /* t∫.mp3 in Resources */ = {isa = PBXBuildFile; fileRef = DCC154872EBF6DAB00D58899 /* t∫.mp3 */; };
		DCC154912EBF6DAB00D58899 /* ∫.mp3 in Resources */ = {isa = PBXBuildFile; fileRef = DCC154752EBF6DAB00D58899 /* ∫.mp3 */; };
		DCC154922EBF6DAB00D58899 /* ð.mp3 in Resources */ = {isa = PBXBuildFile; fileRef = DCC154782EBF6DAB00D58899 /* ð.mp3 */; };
		DCC154932EBF6DAB00D58899 /* ŋ.mp3 in Resources */ = {isa = PBXBuildFile; fileRef = DCC154822EBF6DAB00D58899 /* ŋ.mp3 */; };
		DCC154942EBF6DAB00D58899 /* p.mp3 in Resources */ = {isa = PBXBuildFile; fileRef = DCC154832EBF6DAB00D58899 /* p.mp3 */; };
		DCC154952EBF6DAB00D58899 /* θ.mp3 in Resources */ = {isa = PBXBuildFile; fileRef = DCC1548C2EBF6DAB00D58899 /* θ.mp3 */; };
		DCC154962EBF6DAB00D58899 /* h.mp3 in Resources */ = {isa = PBXBuildFile; fileRef = DCC1547C2EBF6DAB00D58899 /* h.mp3 */; };
		DCC154972EBF6DAB00D58899 /* r.mp3 in Resources */ = {isa = PBXBuildFile; fileRef = DCC154842EBF6DAB00D58899 /* r.mp3 */; };
		DCC154982EBF6DAB00D58899 /* v.mp3 in Resources */ = {isa = PBXBuildFile; fileRef = DCC154882EBF6DAB00D58899 /* v.mp3 */; };
		DCC154992EBF6DAB00D58899 /* n.mp3 in Resources */ = {isa = PBXBuildFile; fileRef = DCC154812EBF6DAB00D58899 /* n.mp3 */; };
		DCC1549A2EBF6DAB00D58899 /* f.mp3 in Resources */ = {isa = PBXBuildFile; fileRef = DCC1547A2EBF6DAB00D58899 /* f.mp3 */; };
		DCC1549B2EBF6DAB00D58899 /* m.mp3 in Resources */ = {isa = PBXBuildFile; fileRef = DCC154802EBF6DAB00D58899 /* m.mp3 */; };
		DCC1549C2EBF6DAB00D58899 /* l.mp3 in Resources */ = {isa = PBXBuildFile; fileRef = DCC1547F2EBF6DAB00D58899 /* l.mp3 */; };
		DCC1549D2EBF6DAB00D58899 /* d.mp3 in Resources */ = {isa = PBXBuildFile; fileRef = DCC154772EBF6DAB00D58899 /* d.mp3 */; };
		DCC1549E2EBF6DAB00D58899 /* w.mp3 in Resources */ = {isa = PBXBuildFile; fileRef = DCC154892EBF6DAB00D58899 /* w.mp3 */; };
		DCC1549F2EBF6DAB00D58899 /* t.mp3 in Resources */ = {isa = PBXBuildFile; fileRef = DCC154862EBF6DAB00D58899 /* t.mp3 */; };
		DCC154A02EBF6DAB00D58899 /* dʒ.mp3 in Resources */ = {isa = PBXBuildFile; fileRef = DCC154792EBF6DAB00D58899 /* dʒ.mp3 */; };
		DCC154A12EBF6DAB00D58899 /* k.mp3 in Resources */ = {isa = PBXBuildFile; fileRef = DCC1547E2EBF6DAB00D58899 /* k.mp3 */; };
		DCC154A22EBF6DAB00D58899 /* ʒ.mp3 in Resources */ = {isa = PBXBuildFile; fileRef = DCC1548B2EBF6DAB00D58899 /* ʒ.mp3 */; };
		DCC154A32EBF6DAB00D58899 /* g.mp3 in Resources */ = {isa = PBXBuildFile; fileRef = DCC1547B2EBF6DAB00D58899 /* g.mp3 */; };
		DCC154A42EBF6DAB00D58899 /* z.mp3 in Resources */ = {isa = PBXBuildFile; fileRef = DCC1548A2EBF6DAB00D58899 /* z.mp3 */; };
		DCC154A52EBF6DAB00D58899 /* b.mp3 in Resources */ = {isa = PBXBuildFile; fileRef = DCC154762EBF6DAB00D58899 /* b.mp3 */; };
		DCC154A72EBF6E6B00D58899 /* Nunito.ttf in Resources */ = {isa = PBXBuildFile; fileRef = DCC154A62EBF6E6B00D58899 /* Nunito.ttf */; };
		DCC6C79E2EB5BB7500C8D8AD /* IPAList.swift in Sources */ = {isa = PBXBuildFile; fileRef = DCC6C79D2EB5BB7500C8D8AD /* IPAList.swift */; };
		DCC6C7A02EB7379F00C8D8AD /* IPA.swift in Sources */ = {isa = PBXBuildFile; fileRef = DCC6C79F2EB7379F00C8D8AD /* IPA.swift */; };
		DCC6C7A22EB73BB700C8D8AD /* IPAListViewModel.swift in Sources */ = {isa = PBXBuildFile; fileRef = DCC6C7A12EB73BB700C8D8AD /* IPAListViewModel.swift */; };
		DCC6C7A52EB8CABA00C8D8AD /* FlashCard.swift in Sources */ = {isa = PBXBuildFile; fileRef = DCC6C7A42EB8CABA00C8D8AD /* FlashCard.swift */; };
		DCCC84702E93C516006D8269 /* TrueFalse.swift in Sources */ = {isa = PBXBuildFile; fileRef = DCCC846F2E93C516006D8269 /* TrueFalse.swift */; };
		DCCC84722E93C641006D8269 /* QuestionBox.swift in Sources */ = {isa = PBXBuildFile; fileRef = DCCC84712E93C641006D8269 /* QuestionBox.swift */; };
		DCCC84752E93CC47006D8269 /* FillInTheBlank.swift in Sources */ = {isa = PBXBuildFile; fileRef = DCCC84742E93CC47006D8269 /* FillInTheBlank.swift */; };
		DCDB13622EA183E7006AB500 /* ArrangeWords.swift in Sources */ = {isa = PBXBuildFile; fileRef = DCDB13612EA183D6006AB500 /* ArrangeWords.swift */; };
		DCDB13642EA199C5006AB500 /* AnswerChip.swift in Sources */ = {isa = PBXBuildFile; fileRef = DCDB13632EA199C5006AB500 /* AnswerChip.swift */; };
/* End PBXBuildFile section */

/* Begin PBXContainerItemProxy section */
		321497262CB1688D008BF5C3 /* PBXContainerItemProxy */ = {
			isa = PBXContainerItemProxy;
			containerPortal = 3214970D2CB1688B008BF5C3 /* Project object */;
			proxyType = 1;
			remoteGlobalIDString = 321497142CB1688B008BF5C3;
			remoteInfo = BeesLearn;
		};
		321497302CB1688D008BF5C3 /* PBXContainerItemProxy */ = {
			isa = PBXContainerItemProxy;
			containerPortal = 3214970D2CB1688B008BF5C3 /* Project object */;
			proxyType = 1;
			remoteGlobalIDString = 321497142CB1688B008BF5C3;
			remoteInfo = BeesLearn;
		};
/* End PBXContainerItemProxy section */

/* Begin PBXFileReference section */
		321497152CB1688B008BF5C3 /* BeesLearn.app */ = {isa = PBXFileReference; explicitFileType = wrapper.application; includeInIndex = 0; path = BeesLearn.app; sourceTree = BUILT_PRODUCTS_DIR; };
		321497182CB1688B008BF5C3 /* BeesLearnApp.swift */ = {isa = PBXFileReference; lastKnownFileType = sourcecode.swift; path = BeesLearnApp.swift; sourceTree = "<group>"; };
		3214971A2CB1688B008BF5C3 /* ContentView.swift */ = {isa = PBXFileReference; lastKnownFileType = sourcecode.swift; path = ContentView.swift; sourceTree = "<group>"; };
		3214971C2CB1688D008BF5C3 /* Assets.xcassets */ = {isa = PBXFileReference; lastKnownFileType = folder.assetcatalog; path = Assets.xcassets; sourceTree = "<group>"; };
		3214971F2CB1688D008BF5C3 /* Preview Assets.xcassets */ = {isa = PBXFileReference; lastKnownFileType = folder.assetcatalog; path = "Preview Assets.xcassets"; sourceTree = "<group>"; };
		321497252CB1688D008BF5C3 /* BeesLearnTests.xctest */ = {isa = PBXFileReference; explicitFileType = wrapper.cfbundle; includeInIndex = 0; path = BeesLearnTests.xctest; sourceTree = BUILT_PRODUCTS_DIR; };
		321497292CB1688D008BF5C3 /* BeesLearnTests.swift */ = {isa = PBXFileReference; lastKnownFileType = sourcecode.swift; path = BeesLearnTests.swift; sourceTree = "<group>"; };
		3214972F2CB1688D008BF5C3 /* BeesLearnUITests.xctest */ = {isa = PBXFileReference; explicitFileType = wrapper.cfbundle; includeInIndex = 0; path = BeesLearnUITests.xctest; sourceTree = BUILT_PRODUCTS_DIR; };
		321497332CB1688D008BF5C3 /* BeesLearnUITests.swift */ = {isa = PBXFileReference; lastKnownFileType = sourcecode.swift; path = BeesLearnUITests.swift; sourceTree = "<group>"; };
		321497352CB1688D008BF5C3 /* BeesLearnUITestsLaunchTests.swift */ = {isa = PBXFileReference; lastKnownFileType = sourcecode.swift; path = BeesLearnUITestsLaunchTests.swift; sourceTree = "<group>"; };
		3214974B2CB17906008BF5C3 /* WelcomeView.swift */ = {isa = PBXFileReference; lastKnownFileType = sourcecode.swift; path = WelcomeView.swift; sourceTree = "<group>"; };
		321497542CB3D84C008BF5C3 /* Info.plist */ = {isa = PBXFileReference; lastKnownFileType = text.plist.xml; path = Info.plist; sourceTree = "<group>"; };
		321497612CB3ED19008BF5C3 /* CustomButtonLogin.swift */ = {isa = PBXFileReference; lastKnownFileType = sourcecode.swift; path = CustomButtonLogin.swift; sourceTree = "<group>"; };
		321497632CB3F57C008BF5C3 /* Nunito-Bold.ttf */ = {isa = PBXFileReference; lastKnownFileType = file; path = "Nunito-Bold.ttf"; sourceTree = "<group>"; };
		321497652CB44F64008BF5C3 /* LoginView.swift */ = {isa = PBXFileReference; lastKnownFileType = sourcecode.swift; path = LoginView.swift; sourceTree = "<group>"; };
		321497672CB458DE008BF5C3 /* CustomTextField.swift */ = {isa = PBXFileReference; lastKnownFileType = sourcecode.swift; path = CustomTextField.swift; sourceTree = "<group>"; };
		321497692CB45E07008BF5C3 /* CustomButton.swift */ = {isa = PBXFileReference; lastKnownFileType = sourcecode.swift; path = CustomButton.swift; sourceTree = "<group>"; };
		3214976B2CB68F5F008BF5C3 /* SignUpView.swift */ = {isa = PBXFileReference; lastKnownFileType = sourcecode.swift; path = SignUpView.swift; sourceTree = "<group>"; };
		3216DAB02CBE5455000F0475 /* HomeView.swift */ = {isa = PBXFileReference; lastKnownFileType = sourcecode.swift; path = HomeView.swift; sourceTree = "<group>"; };
		3216DAB22CBE5466000F0475 /* IPAView.swift */ = {isa = PBXFileReference; lastKnownFileType = sourcecode.swift; path = IPAView.swift; sourceTree = "<group>"; };
		3216DAB42CBE54AC000F0475 /* StatsView.swift */ = {isa = PBXFileReference; lastKnownFileType = sourcecode.swift; path = StatsView.swift; sourceTree = "<group>"; };
		3216DAB62CBE54C5000F0475 /* SettingView.swift */ = {isa = PBXFileReference; lastKnownFileType = sourcecode.swift; path = SettingView.swift; sourceTree = "<group>"; };
		3255C4FB2CC3C5AD000DDCBE /* LoginViewModel.swift */ = {isa = PBXFileReference; lastKnownFileType = sourcecode.swift; path = LoginViewModel.swift; sourceTree = "<group>"; };
		3255C4FF2CD248AA000DDCBE /* CustomTopBar.swift */ = {isa = PBXFileReference; lastKnownFileType = sourcecode.swift; path = CustomTopBar.swift; sourceTree = "<group>"; };
		3255C5072CD2EB6F000DDCBE /* Calendar.swift */ = {isa = PBXFileReference; lastKnownFileType = sourcecode.swift; path = Calendar.swift; sourceTree = "<group>"; };
		326F10882CD996E000E3EF08 /* Translation.swift */ = {isa = PBXFileReference; lastKnownFileType = sourcecode.swift; path = Translation.swift; sourceTree = "<group>"; };
		DC125CE12EA6D36400E85624 /* ProgressNavigationBar.swift */ = {isa = PBXFileReference; lastKnownFileType = sourcecode.swift; path = ProgressNavigationBar.swift; sourceTree = "<group>"; };
		DC125CE32EA6D68400E85624 /* QuestionHostViewModel.swift */ = {isa = PBXFileReference; lastKnownFileType = sourcecode.swift; path = QuestionHostViewModel.swift; sourceTree = "<group>"; };
		DC19A2C72EC5BB6400B1648B /* ResultPopUp.swift */ = {isa = PBXFileReference; lastKnownFileType = sourcecode.swift; path = ResultPopUp.swift; sourceTree = "<group>"; };
		DC34A0DA2E9EE8B400F3C608 /* CheckAnswerButton.swift */ = {isa = PBXFileReference; lastKnownFileType = sourcecode.swift; path = CheckAnswerButton.swift; sourceTree = "<group>"; };
		DC34A0DC2E9FBE2500F3C608 /* QuestionViewModel.swift */ = {isa = PBXFileReference; lastKnownFileType = sourcecode.swift; path = QuestionViewModel.swift; sourceTree = "<group>"; };
		DC4722DD2E84A363005E6FE5 /* Nunito-SemiBold.ttf */ = {isa = PBXFileReference; lastKnownFileType = file; path = "Nunito-SemiBold.ttf"; sourceTree = "<group>"; };
		DC6B582C2ECFA34300B40045 /* APIService.swift */ = {isa = PBXFileReference; lastKnownFileType = sourcecode.swift; path = APIService.swift; sourceTree = "<group>"; };
		DC6B582E2ED117D900B40045 /* Word.swift */ = {isa = PBXFileReference; lastKnownFileType = sourcecode.swift; path = Word.swift; sourceTree = "<group>"; };
		DC6B58302ED1186D00B40045 /* QuestionsResponse.swift */ = {isa = PBXFileReference; lastKnownFileType = sourcecode.swift; path = QuestionsResponse.swift; sourceTree = "<group>"; };
		DC6B58322ED2EC0900B40045 /* Sentence.swift */ = {isa = PBXFileReference; lastKnownFileType = sourcecode.swift; path = Sentence.swift; sourceTree = "<group>"; };
		DC9EB33F2EA97064001E877B /* Question.swift */ = {isa = PBXFileReference; lastKnownFileType = sourcecode.swift; path = Question.swift; sourceTree = "<group>"; };
		DC9EB3412EA970C9001E877B /* TrueFalseQuestion.swift */ = {isa = PBXFileReference; lastKnownFileType = sourcecode.swift; path = TrueFalseQuestion.swift; sourceTree = "<group>"; };
		DC9EB3452EAC1024001E877B /* MultipleChoiceQuestion.swift */ = {isa = PBXFileReference; lastKnownFileType = sourcecode.swift; path = MultipleChoiceQuestion.swift; sourceTree = "<group>"; };
		DCA79A412E8B016600A3AD55 /* LevelListView.swift */ = {isa = PBXFileReference; lastKnownFileType = sourcecode.swift; path = LevelListView.swift; sourceTree = "<group>"; };
		DCA79A432E8DF93800A3AD55 /* LevelListItem.swift */ = {isa = PBXFileReference; lastKnownFileType = sourcecode.swift; path = LevelListItem.swift; sourceTree = "<group>"; };
		DCA79A452E8E338200A3AD55 /* QuestionHostView.swift */ = {isa = PBXFileReference; lastKnownFileType = sourcecode.swift; path = QuestionHostView.swift; sourceTree = "<group>"; };
		DCA79A472E8ECF1B00A3AD55 /* CustomNavigationBar.swift */ = {isa = PBXFileReference; lastKnownFileType = sourcecode.swift; path = CustomNavigationBar.swift; sourceTree = "<group>"; };
		DCA79A4A2E8F069000A3AD55 /* MultipleChoices.swift */ = {isa = PBXFileReference; lastKnownFileType = sourcecode.swift; path = MultipleChoices.swift; sourceTree = "<group>"; };
		DCC1544C2EBF646C00D58899 /* æ.mp3 */ = {isa = PBXFileReference; lastKnownFileType = audio.mp3; path = "æ.mp3"; sourceTree = "<group>"; };
		DCC1544D2EBF646C00D58899 /* aɪ.mp3 */ = {isa = PBXFileReference; lastKnownFileType = audio.mp3; path = "aɪ.mp3"; sourceTree = "<group>"; };
		DCC1544E2EBF646C00D58899 /* aʊ.mp3 */ = {isa = PBXFileReference; lastKnownFileType = audio.mp3; path = "aʊ.mp3"; sourceTree = "<group>"; };
		DCC1544F2EBF646C00D58899 /* ɑ.mp3 */ = {isa = PBXFileReference; lastKnownFileType = audio.mp3; path = "ɑ.mp3"; sourceTree = "<group>"; };
		DCC154502EBF646C00D58899 /* ɒ.mp3 */ = {isa = PBXFileReference; lastKnownFileType = audio.mp3; path = "ɒ.mp3"; sourceTree = "<group>"; };
		DCC154512EBF646C00D58899 /* e.mp3 */ = {isa = PBXFileReference; lastKnownFileType = audio.mp3; path = e.mp3; sourceTree = "<group>"; };
		DCC154522EBF646C00D58899 /* eə.mp3 */ = {isa = PBXFileReference; lastKnownFileType = audio.mp3; path = "eə.mp3"; sourceTree = "<group>"; };
		DCC154532EBF646C00D58899 /* eɪ.mp3 */ = {isa = PBXFileReference; lastKnownFileType = audio.mp3; path = "eɪ.mp3"; sourceTree = "<group>"; };
		DCC154542EBF646C00D58899 /* ə.mp3 */ = {isa = PBXFileReference; lastKnownFileType = audio.mp3; path = "ə.mp3"; sourceTree = "<group>"; };
		DCC154552EBF646C00D58899 /* əʊ.mp3 */ = {isa = PBXFileReference; lastKnownFileType = audio.mp3; path = "əʊ.mp3"; sourceTree = "<group>"; };
		DCC154562EBF646C00D58899 /* ɜ.mp3 */ = {isa = PBXFileReference; lastKnownFileType = audio.mp3; path = "ɜ.mp3"; sourceTree = "<group>"; };
		DCC154572EBF646C00D58899 /* i.mp3 */ = {isa = PBXFileReference; lastKnownFileType = audio.mp3; path = i.mp3; sourceTree = "<group>"; };
		DCC154582EBF646C00D58899 /* ɪ.mp3 */ = {isa = PBXFileReference; lastKnownFileType = audio.mp3; path = "ɪ.mp3"; sourceTree = "<group>"; };
		DCC154592EBF646C00D58899 /* ɪə.mp3 */ = {isa = PBXFileReference; lastKnownFileType = audio.mp3; path = "ɪə.mp3"; sourceTree = "<group>"; };
		DCC1545A2EBF646C00D58899 /* ɔ.mp3 */ = {isa = PBXFileReference; lastKnownFileType = audio.mp3; path = "ɔ.mp3"; sourceTree = "<group>"; };
		DCC1545B2EBF646C00D58899 /* ɔɪ.mp3 */ = {isa = PBXFileReference; lastKnownFileType = audio.mp3; path = "ɔɪ.mp3"; sourceTree = "<group>"; };
		DCC1545C2EBF646C00D58899 /* u.mp3 */ = {isa = PBXFileReference; lastKnownFileType = audio.mp3; path = u.mp3; sourceTree = "<group>"; };
		DCC1545D2EBF646C00D58899 /* ʊ.mp3 */ = {isa = PBXFileReference; lastKnownFileType = audio.mp3; path = "ʊ.mp3"; sourceTree = "<group>"; };
		DCC1545E2EBF646C00D58899 /* ʊə.mp3 */ = {isa = PBXFileReference; lastKnownFileType = audio.mp3; path = "ʊə.mp3"; sourceTree = "<group>"; };
		DCC1545F2EBF646C00D58899 /* ʌ.mp3 */ = {isa = PBXFileReference; lastKnownFileType = audio.mp3; path = "ʌ.mp3"; sourceTree = "<group>"; };
		DCC154752EBF6DAB00D58899 /* ∫.mp3 */ = {isa = PBXFileReference; lastKnownFileType = audio.mp3; path = "∫.mp3"; sourceTree = "<group>"; };
		DCC154762EBF6DAB00D58899 /* b.mp3 */ = {isa = PBXFileReference; lastKnownFileType = audio.mp3; path = b.mp3; sourceTree = "<group>"; };
		DCC154772EBF6DAB00D58899 /* d.mp3 */ = {isa = PBXFileReference; lastKnownFileType = audio.mp3; path = d.mp3; sourceTree = "<group>"; };
		DCC154782EBF6DAB00D58899 /* ð.mp3 */ = {isa = PBXFileReference; lastKnownFileType = audio.mp3; path = "ð.mp3"; sourceTree = "<group>"; };
		DCC154792EBF6DAB00D58899 /* dʒ.mp3 */ = {isa = PBXFileReference; lastKnownFileType = audio.mp3; path = "dʒ.mp3"; sourceTree = "<group>"; };
		DCC1547A2EBF6DAB00D58899 /* f.mp3 */ = {isa = PBXFileReference; lastKnownFileType = audio.mp3; path = f.mp3; sourceTree = "<group>"; };
		DCC1547B2EBF6DAB00D58899 /* g.mp3 */ = {isa = PBXFileReference; lastKnownFileType = audio.mp3; path = g.mp3; sourceTree = "<group>"; };
		DCC1547C2EBF6DAB00D58899 /* h.mp3 */ = {isa = PBXFileReference; lastKnownFileType = audio.mp3; path = h.mp3; sourceTree = "<group>"; };
		DCC1547D2EBF6DAB00D58899 /* j.mp3 */ = {isa = PBXFileReference; lastKnownFileType = audio.mp3; path = j.mp3; sourceTree = "<group>"; };
		DCC1547E2EBF6DAB00D58899 /* k.mp3 */ = {isa = PBXFileReference; lastKnownFileType = audio.mp3; path = k.mp3; sourceTree = "<group>"; };
		DCC1547F2EBF6DAB00D58899 /* l.mp3 */ = {isa = PBXFileReference; lastKnownFileType = audio.mp3; path = l.mp3; sourceTree = "<group>"; };
		DCC154802EBF6DAB00D58899 /* m.mp3 */ = {isa = PBXFileReference; lastKnownFileType = audio.mp3; path = m.mp3; sourceTree = "<group>"; };
		DCC154812EBF6DAB00D58899 /* n.mp3 */ = {isa = PBXFileReference; lastKnownFileType = audio.mp3; path = n.mp3; sourceTree = "<group>"; };
		DCC154822EBF6DAB00D58899 /* ŋ.mp3 */ = {isa = PBXFileReference; lastKnownFileType = audio.mp3; path = "ŋ.mp3"; sourceTree = "<group>"; };
		DCC154832EBF6DAB00D58899 /* p.mp3 */ = {isa = PBXFileReference; lastKnownFileType = audio.mp3; path = p.mp3; sourceTree = "<group>"; };
		DCC154842EBF6DAB00D58899 /* r.mp3 */ = {isa = PBXFileReference; lastKnownFileType = audio.mp3; path = r.mp3; sourceTree = "<group>"; };
		DCC154852EBF6DAB00D58899 /* s.mp3 */ = {isa = PBXFileReference; lastKnownFileType = audio.mp3; path = s.mp3; sourceTree = "<group>"; };
		DCC154862EBF6DAB00D58899 /* t.mp3 */ = {isa = PBXFileReference; lastKnownFileType = audio.mp3; path = t.mp3; sourceTree = "<group>"; };
		DCC154872EBF6DAB00D58899 /* t∫.mp3 */ = {isa = PBXFileReference; lastKnownFileType = audio.mp3; path = "t∫.mp3"; sourceTree = "<group>"; };
		DCC154882EBF6DAB00D58899 /* v.mp3 */ = {isa = PBXFileReference; lastKnownFileType = audio.mp3; path = v.mp3; sourceTree = "<group>"; };
		DCC154892EBF6DAB00D58899 /* w.mp3 */ = {isa = PBXFileReference; lastKnownFileType = audio.mp3; path = w.mp3; sourceTree = "<group>"; };
		DCC1548A2EBF6DAB00D58899 /* z.mp3 */ = {isa = PBXFileReference; lastKnownFileType = audio.mp3; path = z.mp3; sourceTree = "<group>"; };
		DCC1548B2EBF6DAB00D58899 /* ʒ.mp3 */ = {isa = PBXFileReference; lastKnownFileType = audio.mp3; path = "ʒ.mp3"; sourceTree = "<group>"; };
		DCC1548C2EBF6DAB00D58899 /* θ.mp3 */ = {isa = PBXFileReference; lastKnownFileType = audio.mp3; path = "θ.mp3"; sourceTree = "<group>"; };
		DCC154A62EBF6E6B00D58899 /* Nunito.ttf */ = {isa = PBXFileReference; lastKnownFileType = file; path = Nunito.ttf; sourceTree = "<group>"; };
		DCC6C79D2EB5BB7500C8D8AD /* IPAList.swift */ = {isa = PBXFileReference; lastKnownFileType = sourcecode.swift; path = IPAList.swift; sourceTree = "<group>"; };
		DCC6C79F2EB7379F00C8D8AD /* IPA.swift */ = {isa = PBXFileReference; lastKnownFileType = sourcecode.swift; path = IPA.swift; sourceTree = "<group>"; };
		DCC6C7A12EB73BB700C8D8AD /* IPAListViewModel.swift */ = {isa = PBXFileReference; lastKnownFileType = sourcecode.swift; path = IPAListViewModel.swift; sourceTree = "<group>"; };
		DCC6C7A42EB8CABA00C8D8AD /* FlashCard.swift */ = {isa = PBXFileReference; lastKnownFileType = sourcecode.swift; path = FlashCard.swift; sourceTree = "<group>"; };
		DCCC846F2E93C516006D8269 /* TrueFalse.swift */ = {isa = PBXFileReference; lastKnownFileType = sourcecode.swift; path = TrueFalse.swift; sourceTree = "<group>"; };
		DCCC84712E93C641006D8269 /* QuestionBox.swift */ = {isa = PBXFileReference; lastKnownFileType = sourcecode.swift; path = QuestionBox.swift; sourceTree = "<group>"; };
		DCCC84742E93CC47006D8269 /* FillInTheBlank.swift */ = {isa = PBXFileReference; lastKnownFileType = sourcecode.swift; path = FillInTheBlank.swift; sourceTree = "<group>"; };
		DCDB13612EA183D6006AB500 /* ArrangeWords.swift */ = {isa = PBXFileReference; lastKnownFileType = sourcecode.swift; path = ArrangeWords.swift; sourceTree = "<group>"; };
		DCDB13632EA199C5006AB500 /* AnswerChip.swift */ = {isa = PBXFileReference; lastKnownFileType = sourcecode.swift; path = AnswerChip.swift; sourceTree = "<group>"; };
/* End PBXFileReference section */

/* Begin PBXFrameworksBuildPhase section */
		321497122CB1688B008BF5C3 /* Frameworks */ = {
			isa = PBXFrameworksBuildPhase;
			buildActionMask = 2147483647;
			files = (
			);
			runOnlyForDeploymentPostprocessing = 0;
		};
		321497222CB1688D008BF5C3 /* Frameworks */ = {
			isa = PBXFrameworksBuildPhase;
			buildActionMask = 2147483647;
			files = (
			);
			runOnlyForDeploymentPostprocessing = 0;
		};
		3214972C2CB1688D008BF5C3 /* Frameworks */ = {
			isa = PBXFrameworksBuildPhase;
			buildActionMask = 2147483647;
			files = (
			);
			runOnlyForDeploymentPostprocessing = 0;
		};
/* End PBXFrameworksBuildPhase section */

/* Begin PBXGroup section */
		3214970C2CB1688B008BF5C3 = {
			isa = PBXGroup;
			children = (
				321497172CB1688B008BF5C3 /* BeesLearn */,
				321497282CB1688D008BF5C3 /* BeesLearnTests */,
				321497322CB1688D008BF5C3 /* BeesLearnUITests */,
				321497162CB1688B008BF5C3 /* Products */,
			);
			sourceTree = "<group>";
		};
		321497162CB1688B008BF5C3 /* Products */ = {
			isa = PBXGroup;
			children = (
				321497152CB1688B008BF5C3 /* BeesLearn.app */,
				321497252CB1688D008BF5C3 /* BeesLearnTests.xctest */,
				3214972F2CB1688D008BF5C3 /* BeesLearnUITests.xctest */,
			);
			name = Products;
			sourceTree = "<group>";
		};
		321497172CB1688B008BF5C3 /* BeesLearn */ = {
			isa = PBXGroup;
			children = (
				321497482CB16F17008BF5C3 /* Resources */,
				321497452CB16E4B008BF5C3 /* Services */,
				321497442CB16E37008BF5C3 /* ViewModels */,
				321497432CB16E28008BF5C3 /* Views */,
				321497422CB16E18008BF5C3 /* Models */,
				321497182CB1688B008BF5C3 /* BeesLearnApp.swift */,
				3214971A2CB1688B008BF5C3 /* ContentView.swift */,
				3214971C2CB1688D008BF5C3 /* Assets.xcassets */,
				321497542CB3D84C008BF5C3 /* Info.plist */,
				3214971E2CB1688D008BF5C3 /* Preview Content */,
			);
			path = BeesLearn;
			sourceTree = "<group>";
		};
		3214971E2CB1688D008BF5C3 /* Preview Content */ = {
			isa = PBXGroup;
			children = (
				3214971F2CB1688D008BF5C3 /* Preview Assets.xcassets */,
			);
			path = "Preview Content";
			sourceTree = "<group>";
		};
		321497282CB1688D008BF5C3 /* BeesLearnTests */ = {
			isa = PBXGroup;
			children = (
				321497292CB1688D008BF5C3 /* BeesLearnTests.swift */,
			);
			path = BeesLearnTests;
			sourceTree = "<group>";
		};
		321497322CB1688D008BF5C3 /* BeesLearnUITests */ = {
			isa = PBXGroup;
			children = (
				321497332CB1688D008BF5C3 /* BeesLearnUITests.swift */,
				321497352CB1688D008BF5C3 /* BeesLearnUITestsLaunchTests.swift */,
			);
			path = BeesLearnUITests;
			sourceTree = "<group>";
		};
		321497422CB16E18008BF5C3 /* Models */ = {
			isa = PBXGroup;
			children = (
				DC9EB33F2EA97064001E877B /* Question.swift */,
				DC9EB3412EA970C9001E877B /* TrueFalseQuestion.swift */,
				DC9EB3452EAC1024001E877B /* MultipleChoiceQuestion.swift */,
				DCC6C79F2EB7379F00C8D8AD /* IPA.swift */,
				DC6B582E2ED117D900B40045 /* Word.swift */,
				DC6B58322ED2EC0900B40045 /* Sentence.swift */,
			);
			path = Models;
			sourceTree = "<group>";
		};
		321497432CB16E28008BF5C3 /* Views */ = {
			isa = PBXGroup;
			children = (
				321497462CB16E7D008BF5C3 /* Components */,
				DCA79A402E8B015400A3AD55 /* Screens */,
				DCA79A3C2E8AFECD00A3AD55 /* Tabs */,
				3214974B2CB17906008BF5C3 /* WelcomeView.swift */,
				321497652CB44F64008BF5C3 /* LoginView.swift */,
				3214976B2CB68F5F008BF5C3 /* SignUpView.swift */,
			);
			path = Views;
			sourceTree = "<group>";
		};
		321497442CB16E37008BF5C3 /* ViewModels */ = {
			isa = PBXGroup;
			children = (
				3255C4FB2CC3C5AD000DDCBE /* LoginViewModel.swift */,
			);
			path = ViewModels;
			sourceTree = "<group>";
		};
		321497452CB16E4B008BF5C3 /* Services */ = {
			isa = PBXGroup;
			children = (
				DC6B582C2ECFA34300B40045 /* APIService.swift */,
				DC6B58302ED1186D00B40045 /* QuestionsResponse.swift */,
			);
			path = Services;
			sourceTree = "<group>";
		};
		321497462CB16E7D008BF5C3 /* Components */ = {
			isa = PBXGroup;
			children = (
				3255C4FF2CD248AA000DDCBE /* CustomTopBar.swift */,
				321497612CB3ED19008BF5C3 /* CustomButtonLogin.swift */,
				321497672CB458DE008BF5C3 /* CustomTextField.swift */,
				321497692CB45E07008BF5C3 /* CustomButton.swift */,
				3255C5072CD2EB6F000DDCBE /* Calendar.swift */,
				326F10882CD996E000E3EF08 /* Translation.swift */,
				DCA79A432E8DF93800A3AD55 /* LevelListItem.swift */,
				DCA79A472E8ECF1B00A3AD55 /* CustomNavigationBar.swift */,
			);
			path = Components;
			sourceTree = "<group>";
		};
		321497482CB16F17008BF5C3 /* Resources */ = {
			isa = PBXGroup;
			children = (
				3214974A2CB16F2F008BF5C3 /* Fonts */,
				DCC154602EBF646C00D58899 /* Vowels */,
				DCC1548D2EBF6DAB00D58899 /* Consonants */,
			);
			path = Resources;
			sourceTree = "<group>";
		};
		3214974A2CB16F2F008BF5C3 /* Fonts */ = {
			isa = PBXGroup;
			children = (
				DCC154A62EBF6E6B00D58899 /* Nunito.ttf */,
				DC4722DD2E84A363005E6FE5 /* Nunito-SemiBold.ttf */,
				321497632CB3F57C008BF5C3 /* Nunito-Bold.ttf */,
			);
			path = Fonts;
			sourceTree = "<group>";
		};
		DCA79A3C2E8AFECD00A3AD55 /* Tabs */ = {
			isa = PBXGroup;
			children = (
				3216DAB02CBE5455000F0475 /* HomeView.swift */,
				3216DAB22CBE5466000F0475 /* IPAView.swift */,
				3216DAB42CBE54AC000F0475 /* StatsView.swift */,
				3216DAB62CBE54C5000F0475 /* SettingView.swift */,
			);
			path = Tabs;
			sourceTree = "<group>";
		};
		DCA79A402E8B015400A3AD55 /* Screens */ = {
			isa = PBXGroup;
			children = (
				DCC6C7A32EB8CA8700C8D8AD /* FlashCard */,
				DCC6C79A2EB5BB5800C8D8AD /* IPA */,
				DCC6C7992EB5BB4800C8D8AD /* Learn */,
			);
			path = Screens;
			sourceTree = "<group>";
		};
		DCA79A492E8F04BE00A3AD55 /* QuestionViews */ = {
			isa = PBXGroup;
			children = (
				DCA79A4A2E8F069000A3AD55 /* MultipleChoices.swift */,
				DCCC846F2E93C516006D8269 /* TrueFalse.swift */,
				DCCC84742E93CC47006D8269 /* FillInTheBlank.swift */,
				DCDB13612EA183D6006AB500 /* ArrangeWords.swift */,
				DC34A0DC2E9FBE2500F3C608 /* QuestionViewModel.swift */,
			);
			path = QuestionViews;
			sourceTree = "<group>";
		};
		DCC154602EBF646C00D58899 /* Vowels */ = {
			isa = PBXGroup;
			children = (
				DCC1544C2EBF646C00D58899 /* æ.mp3 */,
				DCC1544D2EBF646C00D58899 /* aɪ.mp3 */,
				DCC1544E2EBF646C00D58899 /* aʊ.mp3 */,
				DCC1544F2EBF646C00D58899 /* ɑ.mp3 */,
				DCC154502EBF646C00D58899 /* ɒ.mp3 */,
				DCC154512EBF646C00D58899 /* e.mp3 */,
				DCC154522EBF646C00D58899 /* eə.mp3 */,
				DCC154532EBF646C00D58899 /* eɪ.mp3 */,
				DCC154542EBF646C00D58899 /* ə.mp3 */,
				DCC154552EBF646C00D58899 /* əʊ.mp3 */,
				DCC154562EBF646C00D58899 /* ɜ.mp3 */,
				DCC154572EBF646C00D58899 /* i.mp3 */,
				DCC154582EBF646C00D58899 /* ɪ.mp3 */,
				DCC154592EBF646C00D58899 /* ɪə.mp3 */,
				DCC1545A2EBF646C00D58899 /* ɔ.mp3 */,
				DCC1545B2EBF646C00D58899 /* ɔɪ.mp3 */,
				DCC1545C2EBF646C00D58899 /* u.mp3 */,
				DCC1545D2EBF646C00D58899 /* ʊ.mp3 */,
				DCC1545E2EBF646C00D58899 /* ʊə.mp3 */,
				DCC1545F2EBF646C00D58899 /* ʌ.mp3 */,
			);
			path = Vowels;
			sourceTree = "<group>";
		};
		DCC1548D2EBF6DAB00D58899 /* Consonants */ = {
			isa = PBXGroup;
			children = (
				DCC154752EBF6DAB00D58899 /* ∫.mp3 */,
				DCC154762EBF6DAB00D58899 /* b.mp3 */,
				DCC154772EBF6DAB00D58899 /* d.mp3 */,
				DCC154782EBF6DAB00D58899 /* ð.mp3 */,
				DCC154792EBF6DAB00D58899 /* dʒ.mp3 */,
				DCC1547A2EBF6DAB00D58899 /* f.mp3 */,
				DCC1547B2EBF6DAB00D58899 /* g.mp3 */,
				DCC1547C2EBF6DAB00D58899 /* h.mp3 */,
				DCC1547D2EBF6DAB00D58899 /* j.mp3 */,
				DCC1547E2EBF6DAB00D58899 /* k.mp3 */,
				DCC1547F2EBF6DAB00D58899 /* l.mp3 */,
				DCC154802EBF6DAB00D58899 /* m.mp3 */,
				DCC154812EBF6DAB00D58899 /* n.mp3 */,
				DCC154822EBF6DAB00D58899 /* ŋ.mp3 */,
				DCC154832EBF6DAB00D58899 /* p.mp3 */,
				DCC154842EBF6DAB00D58899 /* r.mp3 */,
				DCC154852EBF6DAB00D58899 /* s.mp3 */,
				DCC154862EBF6DAB00D58899 /* t.mp3 */,
				DCC154872EBF6DAB00D58899 /* t∫.mp3 */,
				DCC154882EBF6DAB00D58899 /* v.mp3 */,
				DCC154892EBF6DAB00D58899 /* w.mp3 */,
				DCC1548A2EBF6DAB00D58899 /* z.mp3 */,
				DCC1548B2EBF6DAB00D58899 /* ʒ.mp3 */,
				DCC1548C2EBF6DAB00D58899 /* θ.mp3 */,
			);
			path = Consonants;
			sourceTree = "<group>";
		};
		DCC6C7992EB5BB4800C8D8AD /* Learn */ = {
			isa = PBXGroup;
			children = (
				DCCC84732E93C659006D8269 /* Components */,
				DCA79A492E8F04BE00A3AD55 /* QuestionViews */,
				DCA79A452E8E338200A3AD55 /* QuestionHostView.swift */,
				DCA79A412E8B016600A3AD55 /* LevelListView.swift */,
				DC125CE32EA6D68400E85624 /* QuestionHostViewModel.swift */,
			);
			path = Learn;
			sourceTree = "<group>";
		};
		DCC6C79A2EB5BB5800C8D8AD /* IPA */ = {
			isa = PBXGroup;
			children = (
				DCC6C79D2EB5BB7500C8D8AD /* IPAList.swift */,
				DCC6C7A12EB73BB700C8D8AD /* IPAListViewModel.swift */,
			);
			path = IPA;
			sourceTree = "<group>";
		};
		DCC6C7A32EB8CA8700C8D8AD /* FlashCard */ = {
			isa = PBXGroup;
			children = (
				DCC6C7A42EB8CABA00C8D8AD /* FlashCard.swift */,
			);
			path = FlashCard;
			sourceTree = "<group>";
		};
		DCCC84732E93C659006D8269 /* Components */ = {
			isa = PBXGroup;
			children = (
				DC125CE12EA6D36400E85624 /* ProgressNavigationBar.swift */,
				DC34A0DA2E9EE8B400F3C608 /* CheckAnswerButton.swift */,
				DCDB13632EA199C5006AB500 /* AnswerChip.swift */,
				DCCC84712E93C641006D8269 /* QuestionBox.swift */,
				DC19A2C72EC5BB6400B1648B /* ResultPopUp.swift */,
			);
			path = Components;
			sourceTree = "<group>";
		};
/* End PBXGroup section */

/* Begin PBXNativeTarget section */
		321497142CB1688B008BF5C3 /* BeesLearn */ = {
			isa = PBXNativeTarget;
			buildConfigurationList = 321497392CB1688D008BF5C3 /* Build configuration list for PBXNativeTarget "BeesLearn" */;
			buildPhases = (
				321497112CB1688B008BF5C3 /* Sources */,
				321497122CB1688B008BF5C3 /* Frameworks */,
				321497132CB1688B008BF5C3 /* Resources */,
			);
			buildRules = (
			);
			dependencies = (
			);
			name = BeesLearn;
			productName = BeesLearn;
			productReference = 321497152CB1688B008BF5C3 /* BeesLearn.app */;
			productType = "com.apple.product-type.application";
		};
		321497242CB1688D008BF5C3 /* BeesLearnTests */ = {
			isa = PBXNativeTarget;
			buildConfigurationList = 3214973C2CB1688D008BF5C3 /* Build configuration list for PBXNativeTarget "BeesLearnTests" */;
			buildPhases = (
				321497212CB1688D008BF5C3 /* Sources */,
				321497222CB1688D008BF5C3 /* Frameworks */,
				321497232CB1688D008BF5C3 /* Resources */,
			);
			buildRules = (
			);
			dependencies = (
				321497272CB1688D008BF5C3 /* PBXTargetDependency */,
			);
			name = BeesLearnTests;
			productName = BeesLearnTests;
			productReference = 321497252CB1688D008BF5C3 /* BeesLearnTests.xctest */;
			productType = "com.apple.product-type.bundle.unit-test";
		};
		3214972E2CB1688D008BF5C3 /* BeesLearnUITests */ = {
			isa = PBXNativeTarget;
			buildConfigurationList = 3214973F2CB1688D008BF5C3 /* Build configuration list for PBXNativeTarget "BeesLearnUITests" */;
			buildPhases = (
				3214972B2CB1688D008BF5C3 /* Sources */,
				3214972C2CB1688D008BF5C3 /* Frameworks */,
				3214972D2CB1688D008BF5C3 /* Resources */,
			);
			buildRules = (
			);
			dependencies = (
				321497312CB1688D008BF5C3 /* PBXTargetDependency */,
			);
			name = BeesLearnUITests;
			productName = BeesLearnUITests;
			productReference = 3214972F2CB1688D008BF5C3 /* BeesLearnUITests.xctest */;
			productType = "com.apple.product-type.bundle.ui-testing";
		};
/* End PBXNativeTarget section */

/* Begin PBXProject section */
		3214970D2CB1688B008BF5C3 /* Project object */ = {
			isa = PBXProject;
			attributes = {
				BuildIndependentTargetsInParallel = 1;
				LastSwiftUpdateCheck = 1540;
				LastUpgradeCheck = 1640;
				TargetAttributes = {
					321497142CB1688B008BF5C3 = {
						CreatedOnToolsVersion = 15.4;
					};
					321497242CB1688D008BF5C3 = {
						CreatedOnToolsVersion = 15.4;
						TestTargetID = 321497142CB1688B008BF5C3;
					};
					3214972E2CB1688D008BF5C3 = {
						CreatedOnToolsVersion = 15.4;
						TestTargetID = 321497142CB1688B008BF5C3;
					};
				};
			};
			buildConfigurationList = 321497102CB1688B008BF5C3 /* Build configuration list for PBXProject "BeesLearn" */;
			compatibilityVersion = "Xcode 14.0";
			developmentRegion = en;
			hasScannedForEncodings = 0;
			knownRegions = (
				en,
				Base,
			);
			mainGroup = 3214970C2CB1688B008BF5C3;
			productRefGroup = 321497162CB1688B008BF5C3 /* Products */;
			projectDirPath = "";
			projectRoot = "";
			targets = (
				321497142CB1688B008BF5C3 /* BeesLearn */,
				321497242CB1688D008BF5C3 /* BeesLearnTests */,
				3214972E2CB1688D008BF5C3 /* BeesLearnUITests */,
			);
		};
/* End PBXProject section */

/* Begin PBXResourcesBuildPhase section */
		321497132CB1688B008BF5C3 /* Resources */ = {
			isa = PBXResourcesBuildPhase;
			buildActionMask = 2147483647;
			files = (
				DC4722DE2E84A363005E6FE5 /* Nunito-SemiBold.ttf in Resources */,
				321497202CB1688D008BF5C3 /* Preview Assets.xcassets in Resources */,
				321497642CB3F57C008BF5C3 /* Nunito-Bold.ttf in Resources */,
				DCC154612EBF646C00D58899 /* əʊ.mp3 in Resources */,
				DCC154622EBF646C00D58899 /* e.mp3 in Resources */,
				DCC154632EBF646C00D58899 /* ɪə.mp3 in Resources */,
				DCC154642EBF646C00D58899 /* ɔ.mp3 in Resources */,
				DCC154652EBF646C00D58899 /* ʊ.mp3 in Resources */,
				DCC154662EBF646C00D58899 /* ɪ.mp3 in Resources */,
				DCC154672EBF646C00D58899 /* æ.mp3 in Resources */,
				DCC154682EBF646C00D58899 /* aɪ.mp3 in Resources */,
				DCC154692EBF646C00D58899 /* ə.mp3 in Resources */,
				DCC1546A2EBF646C00D58899 /* ɒ.mp3 in Resources */,
				DCC1546B2EBF646C00D58899 /* ɜ.mp3 in Resources */,
				DCC1546C2EBF646C00D58899 /* eə.mp3 in Resources */,
				DCC1546D2EBF646C00D58899 /* ɔɪ.mp3 in Resources */,
				DCC1546E2EBF646C00D58899 /* eɪ.mp3 in Resources */,
				DCC1546F2EBF646C00D58899 /* ʊə.mp3 in Resources */,
				DCC154702EBF646C00D58899 /* ɑ.mp3 in Resources */,
				DCC154712EBF646C00D58899 /* aʊ.mp3 in Resources */,
				DCC1548E2EBF6DAB00D58899 /* j.mp3 in Resources */,
				DCC1548F2EBF6DAB00D58899 /* s.mp3 in Resources */,
				DCC154902EBF6DAB00D58899 /* t∫.mp3 in Resources */,
				DCC154912EBF6DAB00D58899 /* ∫.mp3 in Resources */,
				DCC154922EBF6DAB00D58899 /* ð.mp3 in Resources */,
				DCC154932EBF6DAB00D58899 /* ŋ.mp3 in Resources */,
				DCC154942EBF6DAB00D58899 /* p.mp3 in Resources */,
				DCC154952EBF6DAB00D58899 /* θ.mp3 in Resources */,
				DCC154962EBF6DAB00D58899 /* h.mp3 in Resources */,
				DCC154972EBF6DAB00D58899 /* r.mp3 in Resources */,
				DCC154982EBF6DAB00D58899 /* v.mp3 in Resources */,
				DCC154992EBF6DAB00D58899 /* n.mp3 in Resources */,
				DCC1549A2EBF6DAB00D58899 /* f.mp3 in Resources */,
				DCC1549B2EBF6DAB00D58899 /* m.mp3 in Resources */,
				DCC154A72EBF6E6B00D58899 /* Nunito.ttf in Resources */,
				DCC1549C2EBF6DAB00D58899 /* l.mp3 in Resources */,
				DCC1549D2EBF6DAB00D58899 /* d.mp3 in Resources */,
				DCC1549E2EBF6DAB00D58899 /* w.mp3 in Resources */,
				DCC1549F2EBF6DAB00D58899 /* t.mp3 in Resources */,
				DCC154A02EBF6DAB00D58899 /* dʒ.mp3 in Resources */,
				DCC154A12EBF6DAB00D58899 /* k.mp3 in Resources */,
				DCC154A22EBF6DAB00D58899 /* ʒ.mp3 in Resources */,
				DCC154A32EBF6DAB00D58899 /* g.mp3 in Resources */,
				DCC154A42EBF6DAB00D58899 /* z.mp3 in Resources */,
				DCC154A52EBF6DAB00D58899 /* b.mp3 in Resources */,
				DCC154722EBF646C00D58899 /* ʌ.mp3 in Resources */,
				DCC154732EBF646C00D58899 /* i.mp3 in Resources */,
				DCC154742EBF646C00D58899 /* u.mp3 in Resources */,
				3214971D2CB1688D008BF5C3 /* Assets.xcassets in Resources */,
			);
			runOnlyForDeploymentPostprocessing = 0;
		};
		321497232CB1688D008BF5C3 /* Resources */ = {
			isa = PBXResourcesBuildPhase;
			buildActionMask = 2147483647;
			files = (
			);
			runOnlyForDeploymentPostprocessing = 0;
		};
		3214972D2CB1688D008BF5C3 /* Resources */ = {
			isa = PBXResourcesBuildPhase;
			buildActionMask = 2147483647;
			files = (
			);
			runOnlyForDeploymentPostprocessing = 0;
		};
/* End PBXResourcesBuildPhase section */

/* Begin PBXSourcesBuildPhase section */
		321497112CB1688B008BF5C3 /* Sources */ = {
			isa = PBXSourcesBuildPhase;
			buildActionMask = 2147483647;
			files = (
				3255C5002CD248AA000DDCBE /* CustomTopBar.swift in Sources */,
				DCCC84702E93C516006D8269 /* TrueFalse.swift in Sources */,
				DCDB13642EA199C5006AB500 /* AnswerChip.swift in Sources */,
				DC6B58312ED1186D00B40045 /* QuestionsResponse.swift in Sources */,
				DCA79A422E8B016600A3AD55 /* LevelListView.swift in Sources */,
				DC125CE42EA6D68400E85624 /* QuestionHostViewModel.swift in Sources */,
				DCA79A4B2E8F069000A3AD55 /* MultipleChoices.swift in Sources */,
				321497682CB458DE008BF5C3 /* CustomTextField.swift in Sources */,
				DCC6C7A22EB73BB700C8D8AD /* IPAListViewModel.swift in Sources */,
				321497662CB44F64008BF5C3 /* LoginView.swift in Sources */,
				DCC6C7A02EB7379F00C8D8AD /* IPA.swift in Sources */,
				DCA79A482E8ECF1B00A3AD55 /* CustomNavigationBar.swift in Sources */,
				3214971B2CB1688B008BF5C3 /* ContentView.swift in Sources */,
				3216DAB72CBE54C5000F0475 /* SettingView.swift in Sources */,
				DC19A2C82EC5BB6400B1648B /* ResultPopUp.swift in Sources */,
				3214976A2CB45E07008BF5C3 /* CustomButton.swift in Sources */,
				DC34A0DD2E9FBE2700F3C608 /* QuestionViewModel.swift in Sources */,
				DC9EB3402EA97064001E877B /* Question.swift in Sources */,
				DC6B582F2ED117D900B40045 /* Word.swift in Sources */,
				3216DAB32CBE5466000F0475 /* IPAView.swift in Sources */,
				3216DAB12CBE5455000F0475 /* HomeView.swift in Sources */,
				3255C4FC2CC3C5AD000DDCBE /* LoginViewModel.swift in Sources */,
				DCC6C7A52EB8CABA00C8D8AD /* FlashCard.swift in Sources */,
				DC34A0DB2E9EE8FC00F3C608 /* CheckAnswerButton.swift in Sources */,
				DC6B582D2ECFA34300B40045 /* APIService.swift in Sources */,
				DCCC84752E93CC47006D8269 /* FillInTheBlank.swift in Sources */,
				321497622CB3ED19008BF5C3 /* CustomButtonLogin.swift in Sources */,
				DC125CE22EA6D36400E85624 /* ProgressNavigationBar.swift in Sources */,
				DC9EB3422EA970C9001E877B /* TrueFalseQuestion.swift in Sources */,
				DCA79A442E8DF93800A3AD55 /* LevelListItem.swift in Sources */,
				326F10892CD996E000E3EF08 /* Translation.swift in Sources */,
				DCDB13622EA183E7006AB500 /* ArrangeWords.swift in Sources */,
				DCCC84722E93C641006D8269 /* QuestionBox.swift in Sources */,
				3214974C2CB17906008BF5C3 /* WelcomeView.swift in Sources */,
				DCA79A462E8E338200A3AD55 /* QuestionHostView.swift in Sources */,
				3216DAB52CBE54AC000F0475 /* StatsView.swift in Sources */,
				3255C5082CD2EB6F000DDCBE /* Calendar.swift in Sources */,
				DCC6C79E2EB5BB7500C8D8AD /* IPAList.swift in Sources */,
				3214976C2CB68F5F008BF5C3 /* SignUpView.swift in Sources */,
				DC9EB3462EAC1024001E877B /* MultipleChoiceQuestion.swift in Sources */,
				DC6B58332ED2EC0900B40045 /* Sentence.swift in Sources */,
				321497192CB1688B008BF5C3 /* BeesLearnApp.swift in Sources */,
			);
			runOnlyForDeploymentPostprocessing = 0;
		};
		321497212CB1688D008BF5C3 /* Sources */ = {
			isa = PBXSourcesBuildPhase;
			buildActionMask = 2147483647;
			files = (
				3214972A2CB1688D008BF5C3 /* BeesLearnTests.swift in Sources */,
			);
			runOnlyForDeploymentPostprocessing = 0;
		};
		3214972B2CB1688D008BF5C3 /* Sources */ = {
			isa = PBXSourcesBuildPhase;
			buildActionMask = 2147483647;
			files = (
				321497362CB1688D008BF5C3 /* BeesLearnUITestsLaunchTests.swift in Sources */,
				321497342CB1688D008BF5C3 /* BeesLearnUITests.swift in Sources */,
			);
			runOnlyForDeploymentPostprocessing = 0;
		};
/* End PBXSourcesBuildPhase section */

/* Begin PBXTargetDependency section */
		321497272CB1688D008BF5C3 /* PBXTargetDependency */ = {
			isa = PBXTargetDependency;
			target = 321497142CB1688B008BF5C3 /* BeesLearn */;
			targetProxy = 321497262CB1688D008BF5C3 /* PBXContainerItemProxy */;
		};
		321497312CB1688D008BF5C3 /* PBXTargetDependency */ = {
			isa = PBXTargetDependency;
			target = 321497142CB1688B008BF5C3 /* BeesLearn */;
			targetProxy = 321497302CB1688D008BF5C3 /* PBXContainerItemProxy */;
		};
/* End PBXTargetDependency section */

/* Begin XCBuildConfiguration section */
		321497372CB1688D008BF5C3 /* Debug */ = {
			isa = XCBuildConfiguration;
			buildSettings = {
				ALWAYS_SEARCH_USER_PATHS = NO;
				ASSETCATALOG_COMPILER_GENERATE_SWIFT_ASSET_SYMBOL_EXTENSIONS = YES;
				CLANG_ANALYZER_NONNULL = YES;
				CLANG_ANALYZER_NUMBER_OBJECT_CONVERSION = YES_AGGRESSIVE;
				CLANG_CXX_LANGUAGE_STANDARD = "gnu++20";
				CLANG_ENABLE_MODULES = YES;
				CLANG_ENABLE_OBJC_ARC = YES;
				CLANG_ENABLE_OBJC_WEAK = YES;
				CLANG_WARN_BLOCK_CAPTURE_AUTORELEASING = YES;
				CLANG_WARN_BOOL_CONVERSION = YES;
				CLANG_WARN_COMMA = YES;
				CLANG_WARN_CONSTANT_CONVERSION = YES;
				CLANG_WARN_DEPRECATED_OBJC_IMPLEMENTATIONS = YES;
				CLANG_WARN_DIRECT_OBJC_ISA_USAGE = YES_ERROR;
				CLANG_WARN_DOCUMENTATION_COMMENTS = YES;
				CLANG_WARN_EMPTY_BODY = YES;
				CLANG_WARN_ENUM_CONVERSION = YES;
				CLANG_WARN_INFINITE_RECURSION = YES;
				CLANG_WARN_INT_CONVERSION = YES;
				CLANG_WARN_NON_LITERAL_NULL_CONVERSION = YES;
				CLANG_WARN_OBJC_IMPLICIT_RETAIN_SELF = YES;
				CLANG_WARN_OBJC_LITERAL_CONVERSION = YES;
				CLANG_WARN_OBJC_ROOT_CLASS = YES_ERROR;
				CLANG_WARN_QUOTED_INCLUDE_IN_FRAMEWORK_HEADER = YES;
				CLANG_WARN_RANGE_LOOP_ANALYSIS = YES;
				CLANG_WARN_STRICT_PROTOTYPES = YES;
				CLANG_WARN_SUSPICIOUS_MOVE = YES;
				CLANG_WARN_UNGUARDED_AVAILABILITY = YES_AGGRESSIVE;
				CLANG_WARN_UNREACHABLE_CODE = YES;
				CLANG_WARN__DUPLICATE_METHOD_MATCH = YES;
				COPY_PHASE_STRIP = NO;
				DEBUG_INFORMATION_FORMAT = dwarf;
				ENABLE_STRICT_OBJC_MSGSEND = YES;
				ENABLE_TESTABILITY = YES;
				ENABLE_USER_SCRIPT_SANDBOXING = YES;
				GCC_C_LANGUAGE_STANDARD = gnu17;
				GCC_DYNAMIC_NO_PIC = NO;
				GCC_NO_COMMON_BLOCKS = YES;
				GCC_OPTIMIZATION_LEVEL = 0;
				GCC_PREPROCESSOR_DEFINITIONS = (
					"DEBUG=1",
					"$(inherited)",
				);
				GCC_WARN_64_TO_32_BIT_CONVERSION = YES;
				GCC_WARN_ABOUT_RETURN_TYPE = YES_ERROR;
				GCC_WARN_UNDECLARED_SELECTOR = YES;
				GCC_WARN_UNINITIALIZED_AUTOS = YES_AGGRESSIVE;
				GCC_WARN_UNUSED_FUNCTION = YES;
				GCC_WARN_UNUSED_VARIABLE = YES;
				IPHONEOS_DEPLOYMENT_TARGET = 17.5;
				LOCALIZATION_PREFERS_STRING_CATALOGS = YES;
				MTL_ENABLE_DEBUG_INFO = INCLUDE_SOURCE;
				MTL_FAST_MATH = YES;
				ONLY_ACTIVE_ARCH = YES;
				SDKROOT = iphoneos;
				SWIFT_ACTIVE_COMPILATION_CONDITIONS = "DEBUG $(inherited)";
				SWIFT_OPTIMIZATION_LEVEL = "-Onone";
			};
			name = Debug;
		};
		321497382CB1688D008BF5C3 /* Release */ = {
			isa = XCBuildConfiguration;
			buildSettings = {
				ALWAYS_SEARCH_USER_PATHS = NO;
				ASSETCATALOG_COMPILER_GENERATE_SWIFT_ASSET_SYMBOL_EXTENSIONS = YES;
				CLANG_ANALYZER_NONNULL = YES;
				CLANG_ANALYZER_NUMBER_OBJECT_CONVERSION = YES_AGGRESSIVE;
				CLANG_CXX_LANGUAGE_STANDARD = "gnu++20";
				CLANG_ENABLE_MODULES = YES;
				CLANG_ENABLE_OBJC_ARC = YES;
				CLANG_ENABLE_OBJC_WEAK = YES;
				CLANG_WARN_BLOCK_CAPTURE_AUTORELEASING = YES;
				CLANG_WARN_BOOL_CONVERSION = YES;
				CLANG_WARN_COMMA = YES;
				CLANG_WARN_CONSTANT_CONVERSION = YES;
				CLANG_WARN_DEPRECATED_OBJC_IMPLEMENTATIONS = YES;
				CLANG_WARN_DIRECT_OBJC_ISA_USAGE = YES_ERROR;
				CLANG_WARN_DOCUMENTATION_COMMENTS = YES;
				CLANG_WARN_EMPTY_BODY = YES;
				CLANG_WARN_ENUM_CONVERSION = YES;
				CLANG_WARN_INFINITE_RECURSION = YES;
				CLANG_WARN_INT_CONVERSION = YES;
				CLANG_WARN_NON_LITERAL_NULL_CONVERSION = YES;
				CLANG_WARN_OBJC_IMPLICIT_RETAIN_SELF = YES;
				CLANG_WARN_OBJC_LITERAL_CONVERSION = YES;
				CLANG_WARN_OBJC_ROOT_CLASS = YES_ERROR;
				CLANG_WARN_QUOTED_INCLUDE_IN_FRAMEWORK_HEADER = YES;
				CLANG_WARN_RANGE_LOOP_ANALYSIS = YES;
				CLANG_WARN_STRICT_PROTOTYPES = YES;
				CLANG_WARN_SUSPICIOUS_MOVE = YES;
				CLANG_WARN_UNGUARDED_AVAILABILITY = YES_AGGRESSIVE;
				CLANG_WARN_UNREACHABLE_CODE = YES;
				CLANG_WARN__DUPLICATE_METHOD_MATCH = YES;
				COPY_PHASE_STRIP = NO;
				DEBUG_INFORMATION_FORMAT = "dwarf-with-dsym";
				ENABLE_NS_ASSERTIONS = NO;
				ENABLE_STRICT_OBJC_MSGSEND = YES;
				ENABLE_USER_SCRIPT_SANDBOXING = YES;
				GCC_C_LANGUAGE_STANDARD = gnu17;
				GCC_NO_COMMON_BLOCKS = YES;
				GCC_WARN_64_TO_32_BIT_CONVERSION = YES;
				GCC_WARN_ABOUT_RETURN_TYPE = YES_ERROR;
				GCC_WARN_UNDECLARED_SELECTOR = YES;
				GCC_WARN_UNINITIALIZED_AUTOS = YES_AGGRESSIVE;
				GCC_WARN_UNUSED_FUNCTION = YES;
				GCC_WARN_UNUSED_VARIABLE = YES;
				IPHONEOS_DEPLOYMENT_TARGET = 17.5;
				LOCALIZATION_PREFERS_STRING_CATALOGS = YES;
				MTL_ENABLE_DEBUG_INFO = NO;
				MTL_FAST_MATH = YES;
				SDKROOT = iphoneos;
				SWIFT_COMPILATION_MODE = wholemodule;
				VALIDATE_PRODUCT = YES;
			};
			name = Release;
		};
		3214973A2CB1688D008BF5C3 /* Debug */ = {
			isa = XCBuildConfiguration;
			buildSettings = {
				ASSETCATALOG_COMPILER_APPICON_NAME = AppIcon;
				ASSETCATALOG_COMPILER_GLOBAL_ACCENT_COLOR_NAME = AccentColor;
				CODE_SIGN_STYLE = Automatic;
				CURRENT_PROJECT_VERSION = 1;
				DEVELOPMENT_ASSET_PATHS = "\"BeesLearn/Preview Content\"";
				DEVELOPMENT_TEAM = ENP7FKQXR7;
				ENABLE_PREVIEWS = YES;
				GENERATE_INFOPLIST_FILE = YES;
				INFOPLIST_FILE = BeesLearn/Info.plist;
				INFOPLIST_KEY_LSApplicationCategoryType = "public.app-category.education";
				INFOPLIST_KEY_UIApplicationSceneManifest_Generation = YES;
				INFOPLIST_KEY_UIApplicationSupportsIndirectInputEvents = YES;
				INFOPLIST_KEY_UILaunchScreen_Generation = YES;
				INFOPLIST_KEY_UISupportedInterfaceOrientations = UIInterfaceOrientationPortrait;
				INFOPLIST_KEY_UISupportedInterfaceOrientations_iPad = "UIInterfaceOrientationLandscapeLeft UIInterfaceOrientationLandscapeRight UIInterfaceOrientationPortrait UIInterfaceOrientationPortraitUpsideDown";
				LD_RUNPATH_SEARCH_PATHS = (
					"$(inherited)",
					"@executable_path/Frameworks",
				);
				MARKETING_VERSION = 1.0;
				PRODUCT_BUNDLE_IDENTIFIER = cam.BeesLearn;
				PRODUCT_NAME = "$(TARGET_NAME)";
				SUPPORTED_PLATFORMS = "iphoneos iphonesimulator";
				SUPPORTS_MACCATALYST = NO;
				SUPPORTS_MAC_DESIGNED_FOR_IPHONE_IPAD = NO;
				SUPPORTS_XR_DESIGNED_FOR_IPHONE_IPAD = NO;
				SWIFT_EMIT_LOC_STRINGS = YES;
				SWIFT_VERSION = 5.0;
				TARGETED_DEVICE_FAMILY = 1;
			};
			name = Debug;
		};
		3214973B2CB1688D008BF5C3 /* Release */ = {
			isa = XCBuildConfiguration;
			buildSettings = {
				ASSETCATALOG_COMPILER_APPICON_NAME = AppIcon;
				ASSETCATALOG_COMPILER_GLOBAL_ACCENT_COLOR_NAME = AccentColor;
				CODE_SIGN_STYLE = Automatic;
				CURRENT_PROJECT_VERSION = 1;
				DEVELOPMENT_ASSET_PATHS = "\"BeesLearn/Preview Content\"";
				DEVELOPMENT_TEAM = ENP7FKQXR7;
				ENABLE_PREVIEWS = YES;
				GENERATE_INFOPLIST_FILE = YES;
				INFOPLIST_FILE = BeesLearn/Info.plist;
				INFOPLIST_KEY_LSApplicationCategoryType = "public.app-category.education";
				INFOPLIST_KEY_UIApplicationSceneManifest_Generation = YES;
				INFOPLIST_KEY_UIApplicationSupportsIndirectInputEvents = YES;
				INFOPLIST_KEY_UILaunchScreen_Generation = YES;
				INFOPLIST_KEY_UISupportedInterfaceOrientations = UIInterfaceOrientationPortrait;
				INFOPLIST_KEY_UISupportedInterfaceOrientations_iPad = "UIInterfaceOrientationLandscapeLeft UIInterfaceOrientationLandscapeRight UIInterfaceOrientationPortrait UIInterfaceOrientationPortraitUpsideDown";
				LD_RUNPATH_SEARCH_PATHS = (
					"$(inherited)",
					"@executable_path/Frameworks",
				);
				MARKETING_VERSION = 1.0;
				PRODUCT_BUNDLE_IDENTIFIER = cam.BeesLearn;
				PRODUCT_NAME = "$(TARGET_NAME)";
				SUPPORTED_PLATFORMS = "iphoneos iphonesimulator";
				SUPPORTS_MACCATALYST = NO;
				SUPPORTS_MAC_DESIGNED_FOR_IPHONE_IPAD = NO;
				SUPPORTS_XR_DESIGNED_FOR_IPHONE_IPAD = NO;
				SWIFT_EMIT_LOC_STRINGS = YES;
				SWIFT_VERSION = 5.0;
				TARGETED_DEVICE_FAMILY = 1;
			};
			name = Release;
		};
		3214973D2CB1688D008BF5C3 /* Debug */ = {
			isa = XCBuildConfiguration;
			buildSettings = {
				BUNDLE_LOADER = "$(TEST_HOST)";
				CODE_SIGN_STYLE = Automatic;
				CURRENT_PROJECT_VERSION = 1;
				GENERATE_INFOPLIST_FILE = YES;
				IPHONEOS_DEPLOYMENT_TARGET = 17.5;
				MARKETING_VERSION = 1.0;
				PRODUCT_BUNDLE_IDENTIFIER = cam.BeesLearnTests;
				PRODUCT_NAME = "$(TARGET_NAME)";
				SWIFT_EMIT_LOC_STRINGS = NO;
				SWIFT_VERSION = 5.0;
				TARGETED_DEVICE_FAMILY = "1,2";
				TEST_HOST = "$(BUILT_PRODUCTS_DIR)/BeesLearn.app/$(BUNDLE_EXECUTABLE_FOLDER_PATH)/BeesLearn";
			};
			name = Debug;
		};
		3214973E2CB1688D008BF5C3 /* Release */ = {
			isa = XCBuildConfiguration;
			buildSettings = {
				BUNDLE_LOADER = "$(TEST_HOST)";
				CODE_SIGN_STYLE = Automatic;
				CURRENT_PROJECT_VERSION = 1;
				GENERATE_INFOPLIST_FILE = YES;
				IPHONEOS_DEPLOYMENT_TARGET = 17.5;
				MARKETING_VERSION = 1.0;
				PRODUCT_BUNDLE_IDENTIFIER = cam.BeesLearnTests;
				PRODUCT_NAME = "$(TARGET_NAME)";
				SWIFT_EMIT_LOC_STRINGS = NO;
				SWIFT_VERSION = 5.0;
				TARGETED_DEVICE_FAMILY = "1,2";
				TEST_HOST = "$(BUILT_PRODUCTS_DIR)/BeesLearn.app/$(BUNDLE_EXECUTABLE_FOLDER_PATH)/BeesLearn";
			};
			name = Release;
		};
		321497402CB1688D008BF5C3 /* Debug */ = {
			isa = XCBuildConfiguration;
			buildSettings = {
				CODE_SIGN_STYLE = Automatic;
				CURRENT_PROJECT_VERSION = 1;
				GENERATE_INFOPLIST_FILE = YES;
				MARKETING_VERSION = 1.0;
				PRODUCT_BUNDLE_IDENTIFIER = cam.BeesLearnUITests;
				PRODUCT_NAME = "$(TARGET_NAME)";
				SWIFT_EMIT_LOC_STRINGS = NO;
				SWIFT_VERSION = 5.0;
				TARGETED_DEVICE_FAMILY = "1,2";
				TEST_TARGET_NAME = BeesLearn;
			};
			name = Debug;
		};
		321497412CB1688D008BF5C3 /* Release */ = {
			isa = XCBuildConfiguration;
			buildSettings = {
				CODE_SIGN_STYLE = Automatic;
				CURRENT_PROJECT_VERSION = 1;
				GENERATE_INFOPLIST_FILE = YES;
				MARKETING_VERSION = 1.0;
				PRODUCT_BUNDLE_IDENTIFIER = cam.BeesLearnUITests;
				PRODUCT_NAME = "$(TARGET_NAME)";
				SWIFT_EMIT_LOC_STRINGS = NO;
				SWIFT_VERSION = 5.0;
				TARGETED_DEVICE_FAMILY = "1,2";
				TEST_TARGET_NAME = BeesLearn;
			};
			name = Release;
		};
/* End XCBuildConfiguration section */

/* Begin XCConfigurationList section */
		321497102CB1688B008BF5C3 /* Build configuration list for PBXProject "BeesLearn" */ = {
			isa = XCConfigurationList;
			buildConfigurations = (
				321497372CB1688D008BF5C3 /* Debug */,
				321497382CB1688D008BF5C3 /* Release */,
			);
			defaultConfigurationIsVisible = 0;
			defaultConfigurationName = Release;
		};
		321497392CB1688D008BF5C3 /* Build configuration list for PBXNativeTarget "BeesLearn" */ = {
			isa = XCConfigurationList;
			buildConfigurations = (
				3214973A2CB1688D008BF5C3 /* Debug */,
				3214973B2CB1688D008BF5C3 /* Release */,
			);
			defaultConfigurationIsVisible = 0;
			defaultConfigurationName = Release;
		};
		3214973C2CB1688D008BF5C3 /* Build configuration list for PBXNativeTarget "BeesLearnTests" */ = {
			isa = XCConfigurationList;
			buildConfigurations = (
				3214973D2CB1688D008BF5C3 /* Debug */,
				3214973E2CB1688D008BF5C3 /* Release */,
			);
			defaultConfigurationIsVisible = 0;
			defaultConfigurationName = Release;
		};
		3214973F2CB1688D008BF5C3 /* Build configuration list for PBXNativeTarget "BeesLearnUITests" */ = {
			isa = XCConfigurationList;
			buildConfigurations = (
				321497402CB1688D008BF5C3 /* Debug */,
				321497412CB1688D008BF5C3 /* Release */,
			);
			defaultConfigurationIsVisible = 0;
			defaultConfigurationName = Release;
		};
/* End XCConfigurationList section */
	};
	rootObject = 3214970D2CB1688B008BF5C3 /* Project object */;
}
